
Microsoft Visual Studio Solution File, Format Version 11.00
# Visual Studio 2010
# SharpDevelop 5.1
Project("{FAE04EC0-301F-11D3-BF4B-00C04F79EFBC}") = "Rectangle Area", "Rectangle Area.csproj", "{D613EAB7-FEB5-47B6-A717-F3D8C5D39418}"
EndProject
Global
	GlobalSection(SolutionConfigurationPlatforms) = preSolution
		Debug|Any CPU = Debug|Any CPU
		Release|Any CPU = Release|Any CPU
	EndGlobalSection
	GlobalSection(ProjectConfigurationPlatforms) = postSolution
		{D613EAB7-FEB5-47B6-A717-F3D8C5D39418}.Debug|Any CPU.ActiveCfg = Debug|Any CPU
		{D613EAB7-FEB5-47B6-A717-F3D8C5D39418}.Debug|Any CPU.Build.0 = Debug|Any CPU
		{D613EAB7-FEB5-47B6-A717-F3D8C5D39418}.Release|Any CPU.ActiveCfg = Release|Any CPU
		{D613EAB7-FEB5-47B6-A717-F3D8C5D39418}.Release|Any CPU.Build.0 = Release|Any CPU
	EndGlobalSection
EndGlobal
